{
  "name": "subocr",
  "lockfileVersion": 3,
  "requires": true,
  "packages": {
    "": {
      "dependencies": {
        "h5-fileuploader": "^0.2.1"
      }
    },
    "node_modules/h5-fileuploader": {
      "version": "0.2.1",
      "resolved": "https://registry.npmjs.org/h5-fileuploader/-/h5-fileuploader-0.2.1.tgz",
      "integrity": "sha512-gGnB2v/RmSXbxfHxVcuahgzl7vUq2I+cVhnZfd+FwKYLCHXvlj8zyg2V1Kvh4lXpG21B68lYM9kdpZhwiw71uw=="
    }
  }
}
